
Microsoft Visual Studio Solution File, Format Version 12.00
# Visual Studio Version 17
VisualStudioVersion = 17.7.34221.43
MinimumVisualStudioVersion = 10.0.40219.1
Project("{FAE04EC0-301F-11D3-BF4B-00C04F79EFBC}") = "Talabat.Apis", "Talabat.Apis\Talabat.Apis.csproj", "{9D52BA82-87F2-4B53-9452-99FD12B6AD87}"
EndProject
Project("{FAE04EC0-301F-11D3-BF4B-00C04F79EFBC}") = "Talabat.Core", "Talabat.Core\Talabat.Core.csproj", "{C33FC3CE-A87A-4913-9A76-FED37973FAE9}"
EndProject
Project("{FAE04EC0-301F-11D3-BF4B-00C04F79EFBC}") = "Talabat.Repository", "Talabat.Repository\Talabat.Repository.csproj", "{39AEBCB3-A11C-4A6A-8A8B-8C4ECBA854C7}"
EndProject
Project("{FAE04EC0-301F-11D3-BF4B-00C04F79EFBC}") = "Talabat.Services", "Talabat.Services\Talabat.Services.csproj", "{C4A12BE1-FC43-4D05-8DFB-58AA3009310B}"
EndProject
Global
	GlobalSection(SolutionConfigurationPlatforms) = preSolution
		Debug|Any CPU = Debug|Any CPU
		Release|Any CPU = Release|Any CPU
	EndGlobalSection
	GlobalSection(ProjectConfigurationPlatforms) = postSolution
		{9D52BA82-87F2-4B53-9452-99FD12B6AD87}.Debug|Any CPU.ActiveCfg = Debug|Any CPU
		{9D52BA82-87F2-4B53-9452-99FD12B6AD87}.Debug|Any CPU.Build.0 = Debug|Any CPU
		{9D52BA82-87F2-4B53-9452-99FD12B6AD87}.Release|Any CPU.ActiveCfg = Release|Any CPU
		{9D52BA82-87F2-4B53-9452-99FD12B6AD87}.Release|Any CPU.Build.0 = Release|Any CPU
		{C33FC3CE-A87A-4913-9A76-FED37973FAE9}.Debug|Any CPU.ActiveCfg = Debug|Any CPU
		{C33FC3CE-A87A-4913-9A76-FED37973FAE9}.Debug|Any CPU.Build.0 = Debug|Any CPU
		{C33FC3CE-A87A-4913-9A76-FED37973FAE9}.Release|Any CPU.ActiveCfg = Release|Any CPU
		{C33FC3CE-A87A-4913-9A76-FED37973FAE9}.Release|Any CPU.Build.0 = Release|Any CPU
		{39AEBCB3-A11C-4A6A-8A8B-8C4ECBA854C7}.Debug|Any CPU.ActiveCfg = Debug|Any CPU
		{39AEBCB3-A11C-4A6A-8A8B-8C4ECBA854C7}.Debug|Any CPU.Build.0 = Debug|Any CPU
		{39AEBCB3-A11C-4A6A-8A8B-8C4ECBA854C7}.Release|Any CPU.ActiveCfg = Release|Any CPU
		{39AEBCB3-A11C-4A6A-8A8B-8C4ECBA854C7}.Release|Any CPU.Build.0 = Release|Any CPU
		{C4A12BE1-FC43-4D05-8DFB-58AA3009310B}.Debug|Any CPU.ActiveCfg = Debug|Any CPU
		{C4A12BE1-FC43-4D05-8DFB-58AA3009310B}.Debug|Any CPU.Build.0 = Debug|Any CPU
		{C4A12BE1-FC43-4D05-8DFB-58AA3009310B}.Release|Any CPU.ActiveCfg = Release|Any CPU
		{C4A12BE1-FC43-4D05-8DFB-58AA3009310B}.Release|Any CPU.Build.0 = Release|Any CPU
	EndGlobalSection
	GlobalSection(SolutionProperties) = preSolution
		HideSolutionNode = FALSE
	EndGlobalSection
	GlobalSection(ExtensibilityGlobals) = postSolution
		SolutionGuid = {38162E05-F517-4A6D-A85F-9003C162EBEA}
	EndGlobalSection
EndGlobal
